
Microsoft Visual Studio Solution File, Format Version 12.00
Project("{FAE04EC0-301F-11D3-BF4B-00C04F79EFBC}") = "AvGen", "AvGen\AvGen.csproj", "{645A59A6-E1E1-40D1-8752-D940295D057A}"
EndProject
Project("{FAE04EC0-301F-11D3-BF4B-00C04F79EFBC}") = "ConsoleTest", "ConsoleTest\ConsoleTest.csproj", "{24B03C9A-2E2B-43ED-A154-759C7E6DADDD}"
EndProject
Global
	GlobalSection(SolutionConfigurationPlatforms) = preSolution
		Debug|Any CPU = Debug|Any CPU
		Release|Any CPU = Release|Any CPU
	EndGlobalSection
	GlobalSection(ProjectConfigurationPlatforms) = postSolution
		{645A59A6-E1E1-40D1-8752-D940295D057A}.Debug|Any CPU.ActiveCfg = Debug|Any CPU
		{645A59A6-E1E1-40D1-8752-D940295D057A}.Debug|Any CPU.Build.0 = Debug|Any CPU
		{645A59A6-E1E1-40D1-8752-D940295D057A}.Release|Any CPU.ActiveCfg = Release|Any CPU
		{645A59A6-E1E1-40D1-8752-D940295D057A}.Release|Any CPU.Build.0 = Release|Any CPU
		{24B03C9A-2E2B-43ED-A154-759C7E6DADDD}.Debug|Any CPU.ActiveCfg = Debug|Any CPU
		{24B03C9A-2E2B-43ED-A154-759C7E6DADDD}.Debug|Any CPU.Build.0 = Debug|Any CPU
		{24B03C9A-2E2B-43ED-A154-759C7E6DADDD}.Release|Any CPU.ActiveCfg = Release|Any CPU
		{24B03C9A-2E2B-43ED-A154-759C7E6DADDD}.Release|Any CPU.Build.0 = Release|Any CPU
	EndGlobalSection
EndGlobal
